// !$*UTF8*$!
{
	archiveVersion = 1;
	classes = {
	};
	objectVersion = 56;
	objects = {

/* Begin PBXBuildFile section */
		A077C96B871448B3AEEC018A /* ContentView.swift in Sources */ = {isa = PBXBuildFile; fileRef = 5B6531B33FAD4931B3FA70FD /* ContentView.swift */; };
		146AB99B4EE841ADA6A141A5 /* DeepBreathApp.swift in Sources */ = {isa = PBXBuildFile; fileRef = 56E043555B6543748D2CBCE7 /* DeepBreathApp.swift */; };
		159D8D6900E949F087C17084 /* TrainingSession.swift in Sources */ = {isa = PBXBuildFile; fileRef = 30E2956278FC4F3EB3F2C146 /* TrainingSession.swift */; };
		113E8FB1AE5C48D1933F1406 /* AudioService.swift in Sources */ = {isa = PBXBuildFile; fileRef = 6CEA05F06C9947E192C159D8 /* AudioService.swift */; };
		301E144A2F6F42068BB35B13 /* HapticService.swift in Sources */ = {isa = PBXBuildFile; fileRef = 188D221FAA454359B994F869 /* HapticService.swift */; };
		392146F5C3AF4ACE8338B77C /* NotificationService.swift in Sources */ = {isa = PBXBuildFile; fileRef = 44C0F89FB1A04753AF7D6D1A /* NotificationService.swift */; };
		C60FAE91E95649D1A8052590 /* AnimationHelpers.swift in Sources */ = {isa = PBXBuildFile; fileRef = 9CA4C0A2E4F9472EBAE13A06 /* AnimationHelpers.swift */; };
		FBB71965F56E496781E6E386 /* TableCalculator.swift in Sources */ = {isa = PBXBuildFile; fileRef = E3FF530796EF47C79D389033 /* TableCalculator.swift */; };
		6CCB13A92E724F018BE68C19 /* BoxBreathingViewModel.swift in Sources */ = {isa = PBXBuildFile; fileRef = 9A30998F950E45DEBDEAE123 /* BoxBreathingViewModel.swift */; };
		1A03C1DA12D34D88A23912EB /* FreestyleViewModel.swift in Sources */ = {isa = PBXBuildFile; fileRef = A11AE8827E794FE8B8A5FD55 /* FreestyleViewModel.swift */; };
		322834B529E0489E91275CB0 /* SessionViewModel.swift in Sources */ = {isa = PBXBuildFile; fileRef = E6EC2BE39F654F7DA390D691 /* SessionViewModel.swift */; };
		B06479016A204B439FF30D6C /* HistoryView.swift in Sources */ = {isa = PBXBuildFile; fileRef = 0640FC316A9B4A8A9B23E236 /* HistoryView.swift */; };
		A2D539CDDED94C5ABEB0E021 /* ProgressChartsView.swift in Sources */ = {isa = PBXBuildFile; fileRef = D2714CE42DEC4E748C9728AF /* ProgressChartsView.swift */; };
		073A252C84F845C2AA5C5F5B /* HomeView.swift in Sources */ = {isa = PBXBuildFile; fileRef = CF6A626DF06B46429E0E0387 /* HomeView.swift */; };
		AA409618CBFD455ABAE2F9EC /* OnboardingView.swift in Sources */ = {isa = PBXBuildFile; fileRef = EC86A17AD2984E0FAD8622AB /* OnboardingView.swift */; };
		998272B0AB8243659A3CE6E8 /* SettingsView.swift in Sources */ = {isa = PBXBuildFile; fileRef = 4A4F3F14BD254BF2BFE628BD /* SettingsView.swift */; };
		13FB4237CC914C8CB58F0EE5 /* ActiveSessionView.swift in Sources */ = {isa = PBXBuildFile; fileRef = 9F4E06F4DF2045DB81D2F410 /* ActiveSessionView.swift */; };
		710888748EB94CABBA28E010 /* BoxBreathingView.swift in Sources */ = {isa = PBXBuildFile; fileRef = 636C23C6254C40B991839161 /* BoxBreathingView.swift */; };
		3508CE3708F24F1D9419A386 /* FreestyleView.swift in Sources */ = {isa = PBXBuildFile; fileRef = 8B25876FB11940D9BDAECBCF /* FreestyleView.swift */; };
		2BA266C3C83E44E1A7A7B681 /* TableSetupView.swift in Sources */ = {isa = PBXBuildFile; fileRef = 9BFFB5B33D024F669B8A6D70 /* TableSetupView.swift */; };
		355DDD134A59459E8B4CABE5 /* TrainView.swift in Sources */ = {isa = PBXBuildFile; fileRef = 68AB758C42A64B3887BF47F7 /* TrainView.swift */; };
		7F21DC0E0E2741E99CB3A8EC /* Assets.xcassets in Resources */ = {isa = PBXBuildFile; fileRef = F91A3DBACAD5488CA8B2F3D5 /* Assets.xcassets */; };
		CB01CD92873F4D5794B24235 /* Assets.xcassets in Resources */ = {isa = PBXBuildFile; fileRef = F91A3DBACAD5488CA8B2F3D5 /* Assets.xcassets */; };
/* End PBXBuildFile section */

/* Begin PBXFileReference section */
		5B6531B33FAD4931B3FA70FD /* ContentView.swift */ = {isa = PBXFileReference; lastKnownFileType = sourcecode.swift; name = ContentView.swift; path = ContentView.swift; sourceTree = "<group>"; };
		56E043555B6543748D2CBCE7 /* DeepBreathApp.swift */ = {isa = PBXFileReference; lastKnownFileType = sourcecode.swift; name = DeepBreathApp.swift; path = DeepBreathApp.swift; sourceTree = "<group>"; };
		30E2956278FC4F3EB3F2C146 /* TrainingSession.swift */ = {isa = PBXFileReference; lastKnownFileType = sourcecode.swift; name = TrainingSession.swift; path = TrainingSession.swift; sourceTree = "<group>"; };
		6CEA05F06C9947E192C159D8 /* AudioService.swift */ = {isa = PBXFileReference; lastKnownFileType = sourcecode.swift; name = AudioService.swift; path = AudioService.swift; sourceTree = "<group>"; };
		188D221FAA454359B994F869 /* HapticService.swift */ = {isa = PBXFileReference; lastKnownFileType = sourcecode.swift; name = HapticService.swift; path = HapticService.swift; sourceTree = "<group>"; };
		44C0F89FB1A04753AF7D6D1A /* NotificationService.swift */ = {isa = PBXFileReference; lastKnownFileType = sourcecode.swift; name = NotificationService.swift; path = NotificationService.swift; sourceTree = "<group>"; };
		9CA4C0A2E4F9472EBAE13A06 /* AnimationHelpers.swift */ = {isa = PBXFileReference; lastKnownFileType = sourcecode.swift; name = AnimationHelpers.swift; path = AnimationHelpers.swift; sourceTree = "<group>"; };
		E3FF530796EF47C79D389033 /* TableCalculator.swift */ = {isa = PBXFileReference; lastKnownFileType = sourcecode.swift; name = TableCalculator.swift; path = TableCalculator.swift; sourceTree = "<group>"; };
		9A30998F950E45DEBDEAE123 /* BoxBreathingViewModel.swift */ = {isa = PBXFileReference; lastKnownFileType = sourcecode.swift; name = BoxBreathingViewModel.swift; path = BoxBreathingViewModel.swift; sourceTree = "<group>"; };
		A11AE8827E794FE8B8A5FD55 /* FreestyleViewModel.swift */ = {isa = PBXFileReference; lastKnownFileType = sourcecode.swift; name = FreestyleViewModel.swift; path = FreestyleViewModel.swift; sourceTree = "<group>"; };
		E6EC2BE39F654F7DA390D691 /* SessionViewModel.swift */ = {isa = PBXFileReference; lastKnownFileType = sourcecode.swift; name = SessionViewModel.swift; path = SessionViewModel.swift; sourceTree = "<group>"; };
		0640FC316A9B4A8A9B23E236 /* HistoryView.swift */ = {isa = PBXFileReference; lastKnownFileType = sourcecode.swift; name = HistoryView.swift; path = HistoryView.swift; sourceTree = "<group>"; };
		D2714CE42DEC4E748C9728AF /* ProgressChartsView.swift */ = {isa = PBXFileReference; lastKnownFileType = sourcecode.swift; name = ProgressChartsView.swift; path = ProgressChartsView.swift; sourceTree = "<group>"; };
		CF6A626DF06B46429E0E0387 /* HomeView.swift */ = {isa = PBXFileReference; lastKnownFileType = sourcecode.swift; name = HomeView.swift; path = HomeView.swift; sourceTree = "<group>"; };
		EC86A17AD2984E0FAD8622AB /* OnboardingView.swift */ = {isa = PBXFileReference; lastKnownFileType = sourcecode.swift; name = OnboardingView.swift; path = OnboardingView.swift; sourceTree = "<group>"; };
		4A4F3F14BD254BF2BFE628BD /* SettingsView.swift */ = {isa = PBXFileReference; lastKnownFileType = sourcecode.swift; name = SettingsView.swift; path = SettingsView.swift; sourceTree = "<group>"; };
		9F4E06F4DF2045DB81D2F410 /* ActiveSessionView.swift */ = {isa = PBXFileReference; lastKnownFileType = sourcecode.swift; name = ActiveSessionView.swift; path = ActiveSessionView.swift; sourceTree = "<group>"; };
		636C23C6254C40B991839161 /* BoxBreathingView.swift */ = {isa = PBXFileReference; lastKnownFileType = sourcecode.swift; name = BoxBreathingView.swift; path = BoxBreathingView.swift; sourceTree = "<group>"; };
		8B25876FB11940D9BDAECBCF /* FreestyleView.swift */ = {isa = PBXFileReference; lastKnownFileType = sourcecode.swift; name = FreestyleView.swift; path = FreestyleView.swift; sourceTree = "<group>"; };
		9BFFB5B33D024F669B8A6D70 /* TableSetupView.swift */ = {isa = PBXFileReference; lastKnownFileType = sourcecode.swift; name = TableSetupView.swift; path = TableSetupView.swift; sourceTree = "<group>"; };
		68AB758C42A64B3887BF47F7 /* TrainView.swift */ = {isa = PBXFileReference; lastKnownFileType = sourcecode.swift; name = TrainView.swift; path = TrainView.swift; sourceTree = "<group>"; };
		F91A3DBACAD5488CA8B2F3D5 /* Assets.xcassets */ = {isa = PBXFileReference; lastKnownFileType = folder.assetcatalog; path = Assets.xcassets; sourceTree = "<group>"; };
		66016335235D46C38BD2C78A /* DeepBreath.app */ = {isa = PBXFileReference; explicitFileType = wrapper.application; includeInIndex = 0; path = DeepBreath.app; sourceTree = BUILT_PRODUCTS_DIR; };
/* End PBXFileReference section */

/* Begin PBXFrameworksBuildPhase section */
		F8D1B7A0C7EA4AAE88AC6752 /* Frameworks */ = {
			isa = PBXFrameworksBuildPhase;
			buildActionMask = 2147483647;
			files = (
			);
			runOnlyForDeploymentPostprocessing = 0;
		};
/* End PBXFrameworksBuildPhase section */

/* Begin PBXGroup section */
		057498D8ADF9421698632364 /* DeepBreath */ = {
			isa = PBXGroup;
			children = (
				1D8EED41875F4E4F8D26C899 /* Models */,
				14691A2B5535481598D3B4E4 /* Services */,
				14936428C74B4CA8B7812F9E /* Utilities */,
				DEF07233C73B437093E779ED /* ViewModels */,
				38D6ACD2403E4556B11826C4 /* Views */,
				5B6531B33FAD4931B3FA70FD /* ContentView.swift */,
				56E043555B6543748D2CBCE7 /* DeepBreathApp.swift */,
				F91A3DBACAD5488CA8B2F3D5 /* Assets.xcassets */,
				5609534F7E294A1BB2EF60C9 /* Products */,
			);
			path = DeepBreath;
			sourceTree = "<group>";
		};

		1D8EED41875F4E4F8D26C899 /* Models */ = {
			isa = PBXGroup;
			children = (
				30E2956278FC4F3EB3F2C146 /* TrainingSession.swift */,
			);
			path = Models;
			sourceTree = "<group>";
		};

		14691A2B5535481598D3B4E4 /* Services */ = {
			isa = PBXGroup;
			children = (
				6CEA05F06C9947E192C159D8 /* AudioService.swift */,
				188D221FAA454359B994F869 /* HapticService.swift */,
				44C0F89FB1A04753AF7D6D1A /* NotificationService.swift */,
			);
			path = Services;
			sourceTree = "<group>";
		};

		14936428C74B4CA8B7812F9E /* Utilities */ = {
			isa = PBXGroup;
			children = (
				9CA4C0A2E4F9472EBAE13A06 /* AnimationHelpers.swift */,
				E3FF530796EF47C79D389033 /* TableCalculator.swift */,
			);
			path = Utilities;
			sourceTree = "<group>";
		};

		DEF07233C73B437093E779ED /* ViewModels */ = {
			isa = PBXGroup;
			children = (
				9A30998F950E45DEBDEAE123 /* BoxBreathingViewModel.swift */,
				A11AE8827E794FE8B8A5FD55 /* FreestyleViewModel.swift */,
				E6EC2BE39F654F7DA390D691 /* SessionViewModel.swift */,
			);
			path = ViewModels;
			sourceTree = "<group>";
		};

		38D6ACD2403E4556B11826C4 /* Views */ = {
			isa = PBXGroup;
			children = (
				110A659F3110487893987793 /* History */,
				84E8F65CE55F4DC8A5C00AF5 /* Home */,
				E8E7B4F2F671413CB6009A16 /* Onboarding */,
				B722C2159DA746AAA8F54D31 /* Settings */,
				793C534FDA1D47D49D7AA1EF /* Train */,
			);
			path = Views;
			sourceTree = "<group>";
		};

		110A659F3110487893987793 /* History */ = {
			isa = PBXGroup;
			children = (
				0640FC316A9B4A8A9B23E236 /* HistoryView.swift */,
				D2714CE42DEC4E748C9728AF /* ProgressChartsView.swift */,
			);
			path = History;
			sourceTree = "<group>";
		};

		84E8F65CE55F4DC8A5C00AF5 /* Home */ = {
			isa = PBXGroup;
			children = (
				CF6A626DF06B46429E0E0387 /* HomeView.swift */,
			);
			path = Home;
			sourceTree = "<group>";
		};

		E8E7B4F2F671413CB6009A16 /* Onboarding */ = {
			isa = PBXGroup;
			children = (
				EC86A17AD2984E0FAD8622AB /* OnboardingView.swift */,
			);
			path = Onboarding;
			sourceTree = "<group>";
		};

		B722C2159DA746AAA8F54D31 /* Settings */ = {
			isa = PBXGroup;
			children = (
				4A4F3F14BD254BF2BFE628BD /* SettingsView.swift */,
			);
			path = Settings;
			sourceTree = "<group>";
		};

		793C534FDA1D47D49D7AA1EF /* Train */ = {
			isa = PBXGroup;
			children = (
				9F4E06F4DF2045DB81D2F410 /* ActiveSessionView.swift */,
				636C23C6254C40B991839161 /* BoxBreathingView.swift */,
				8B25876FB11940D9BDAECBCF /* FreestyleView.swift */,
				9BFFB5B33D024F669B8A6D70 /* TableSetupView.swift */,
				68AB758C42A64B3887BF47F7 /* TrainView.swift */,
			);
			path = Train;
			sourceTree = "<group>";
		};

		5609534F7E294A1BB2EF60C9 /* Products */ = {
			isa = PBXGroup;
			children = (
				66016335235D46C38BD2C78A /* DeepBreath.app */,
			);
			name = Products;
			sourceTree = "<group>";
		};
/* End PBXGroup section */

/* Begin PBXNativeTarget section */
		AE9CF4E4E18240D8AB79F870 /* DeepBreath */ = {
			isa = PBXNativeTarget;
			buildConfigurationList = 833FA65824F7435AB4D7A1C0 /* Build configuration list for PBXNativeTarget "DeepBreath" */;
			buildPhases = (
				A161BCFD7F394D58A3DB1134 /* Sources */,
				F8D1B7A0C7EA4AAE88AC6752 /* Frameworks */,
				D9DC744A2868485A92C8B6E4 /* Resources */,
			);
			buildRules = (
			);
			dependencies = (
			);
			name = DeepBreath;
			productName = DeepBreath;
			productReference = 66016335235D46C38BD2C78A /* DeepBreath.app */;
			productType = "com.apple.product-type.application";
		};
/* End PBXNativeTarget section */

/* Begin PBXProject section */
		262BF0A81C054D4BA017FAFD /* Project object */ = {
			isa = PBXProject;
			attributes = {
				BuildIndependentTargetsInParallel = 1;
				LastSwiftUpdateCheck = 1530;
				LastUpgradeCheck = 1530;
				TargetAttributes = {
					AE9CF4E4E18240D8AB79F870 = {
						CreatedOnToolsVersion = 15.3;
					};
				};
			};
			buildConfigurationList = B8A9338B47FE497E8CA173F1 /* Build configuration list for PBXProject "DeepBreath" */;
			compatibilityVersion = "Xcode 14.0";
			developmentRegion = en;
			hasScannedForEncodings = 0;
			knownRegions = (
				en,
				Base,
			);
			mainGroup = 057498D8ADF9421698632364;
			productRefGroup = 5609534F7E294A1BB2EF60C9 /* Products */;
			projectDirPath = "";
			projectRoot = "";
			targets = (
				AE9CF4E4E18240D8AB79F870 /* DeepBreath */,
			);
		};
/* End PBXProject section */

/* Begin PBXResourcesBuildPhase section */
		D9DC744A2868485A92C8B6E4 /* Resources */ = {
			isa = PBXResourcesBuildPhase;
			buildActionMask = 2147483647;
			files = (
				CB01CD92873F4D5794B24235 /* Assets.xcassets in Resources */,
			);
			runOnlyForDeploymentPostprocessing = 0;
		};
/* End PBXResourcesBuildPhase section */

/* Begin PBXSourcesBuildPhase section */
		A161BCFD7F394D58A3DB1134 /* Sources */ = {
			isa = PBXSourcesBuildPhase;
			buildActionMask = 2147483647;
			files = (
				A077C96B871448B3AEEC018A /* ContentView.swift in Sources */,
				146AB99B4EE841ADA6A141A5 /* DeepBreathApp.swift in Sources */,
				159D8D6900E949F087C17084 /* TrainingSession.swift in Sources */,
				113E8FB1AE5C48D1933F1406 /* AudioService.swift in Sources */,
				301E144A2F6F42068BB35B13 /* HapticService.swift in Sources */,
				392146F5C3AF4ACE8338B77C /* NotificationService.swift in Sources */,
				C60FAE91E95649D1A8052590 /* AnimationHelpers.swift in Sources */,
				FBB71965F56E496781E6E386 /* TableCalculator.swift in Sources */,
				6CCB13A92E724F018BE68C19 /* BoxBreathingViewModel.swift in Sources */,
				1A03C1DA12D34D88A23912EB /* FreestyleViewModel.swift in Sources */,
				322834B529E0489E91275CB0 /* SessionViewModel.swift in Sources */,
				B06479016A204B439FF30D6C /* HistoryView.swift in Sources */,
				A2D539CDDED94C5ABEB0E021 /* ProgressChartsView.swift in Sources */,
				073A252C84F845C2AA5C5F5B /* HomeView.swift in Sources */,
				AA409618CBFD455ABAE2F9EC /* OnboardingView.swift in Sources */,
				998272B0AB8243659A3CE6E8 /* SettingsView.swift in Sources */,
				13FB4237CC914C8CB58F0EE5 /* ActiveSessionView.swift in Sources */,
				710888748EB94CABBA28E010 /* BoxBreathingView.swift in Sources */,
				3508CE3708F24F1D9419A386 /* FreestyleView.swift in Sources */,
				2BA266C3C83E44E1A7A7B681 /* TableSetupView.swift in Sources */,
				355DDD134A59459E8B4CABE5 /* TrainView.swift in Sources */,
			);
			runOnlyForDeploymentPostprocessing = 0;
		};
/* End PBXSourcesBuildPhase section */

/* Begin XCBuildConfiguration section */
		CF91944FDE844647BA7CDFB5 /* Debug */ = {
			isa = XCBuildConfiguration;
			buildSettings = {
				ALWAYS_SEARCH_USER_PATHS = NO;
				ASSET_CATALOG_COMPILER_OPTIMIZATION = space;
				CLANG_ANALYZER_NONNULL = YES;
				CLANG_ANALYZER_NUMBER_OBJECT_CONVERSION = YES_AGGRESSIVE;
				CLANG_CXX_LANGUAGE_STANDARD = "gnu++20";
				CLANG_ENABLE_MODULES = YES;
				CLANG_ENABLE_OBJC_ARC = YES;
				CLANG_ENABLE_OBJC_WEAK = YES;
				CLANG_WARN_BLOCK_CAPTURE_AUTORELEASING = YES;
				CLANG_WARN_BOOL_CONVERSION = YES;
				CLANG_WARN_COMMA = YES;
				CLANG_WARN_CONSTANT_CONVERSION = YES;
				CLANG_WARN_DEPRECATED_OBJC_IMPLEMENTATIONS = YES;
				CLANG_WARN_DIRECT_OBJC_ISA_USAGE = YES_ERROR;
				CLANG_WARN_DOCUMENTATION_COMMENTS = YES;
				CLANG_WARN_EMPTY_BODY = YES;
				CLANG_WARN_ENUM_CONVERSION = YES;
				CLANG_WARN_INFINITE_RECURSION = YES;
				CLANG_WARN_INT_CONVERSION = YES;
				CLANG_WARN_NON_LITERAL_NULL_CONVERSION = YES;
				CLANG_WARN_OBJC_IMPLICIT_RETAIN_SELF = YES;
				CLANG_WARN_OBJC_LITERAL_CONVERSION = YES;
				CLANG_WARN_OBJC_ROOT_CLASS = YES_ERROR;
				CLANG_WARN_QUOTED_INCLUDE_IN_FRAMEWORK_HEADER = YES;
				CLANG_WARN_RANGE_LOOP_ANALYSIS = YES;
				CLANG_WARN_STRICT_PROTOTYPES = YES;
				CLANG_WARN_SUSPICIOUS_MOVE = YES;
				CLANG_WARN_UNGUARDED_AVAILABILITY = YES_AGGRESSIVE;
				CLANG_WARN_UNREACHABLE_CODE = YES;
				CLANG_WARN__DUPLICATE_METHOD_MATCH = YES;
				COPY_PHASE_STRIP = NO;
				DEBUG_INFORMATION_FORMAT = dwarf;
				ENABLE_STRICT_OBJC_MSGSEND = YES;
				ENABLE_TESTABILITY = YES;
				ENABLE_USER_SCRIPT_SANDBOXING = YES;
				GCC_C_LANGUAGE_STANDARD = gnu17;
				GCC_DYNAMIC_NO_PIC = NO;
				GCC_NO_COMMON_BLOCKS = YES;
				GCC_OPTIMIZATION_LEVEL = 0;
				GCC_PREPROCESSOR_DEFINITIONS = (
					"DEBUG=1",
					"$(inherited)",
				);
				GCC_WARN_64_TO_32_BIT_CONVERSION = YES;
				GCC_WARN_ABOUT_RETURN_TYPE = YES_ERROR;
				GCC_WARN_UNDECLARED_SELECTOR = YES;
				GCC_WARN_UNINITIALIZED_AUTOS = YES_AGGRESSIVE;
				GCC_WARN_UNUSED_FUNCTION = YES;
				GCC_WARN_UNUSED_VARIABLE = YES;
				IPHONEOS_DEPLOYMENT_TARGET = 17.0;
				MTL_ENABLE_DEBUG_INFO = INCLUDE_SOURCE;
				MTL_FAST_MATH = YES;
				ONLY_ACTIVE_ARCH = YES;
				SDKROOT = iphoneos;
				SWIFT_ACTIVE_COMPILATION_CONDITIONS = "DEBUG $(inherited)";
				SWIFT_OPTIMIZATION_LEVEL = "-Onone";
			};
			name = Debug;
		};
		471DC358B0EE495EADF364FD /* Release */ = {
			isa = XCBuildConfiguration;
			buildSettings = {
				ALWAYS_SEARCH_USER_PATHS = NO;
				ASSET_CATALOG_COMPILER_OPTIMIZATION = space;
				CLANG_ANALYZER_NONNULL = YES;
				CLANG_ANALYZER_NUMBER_OBJECT_CONVERSION = YES_AGGRESSIVE;
				CLANG_CXX_LANGUAGE_STANDARD = "gnu++20";
				CLANG_ENABLE_MODULES = YES;
				CLANG_ENABLE_OBJC_ARC = YES;
				CLANG_ENABLE_OBJC_WEAK = YES;
				CLANG_WARN_BLOCK_CAPTURE_AUTORELEASING = YES;
				CLANG_WARN_BOOL_CONVERSION = YES;
				CLANG_WARN_COMMA = YES;
				CLANG_WARN_CONSTANT_CONVERSION = YES;
				CLANG_WARN_DEPRECATED_OBJC_IMPLEMENTATIONS = YES;
				CLANG_WARN_DIRECT_OBJC_ISA_USAGE = YES_ERROR;
				CLANG_WARN_DOCUMENTATION_COMMENTS = YES;
				CLANG_WARN_EMPTY_BODY = YES;
				CLANG_WARN_ENUM_CONVERSION = YES;
				CLANG_WARN_INFINITE_RECURSION = YES;
				CLANG_WARN_INT_CONVERSION = YES;
				CLANG_WARN_NON_LITERAL_NULL_CONVERSION = YES;
				CLANG_WARN_OBJC_IMPLICIT_RETAIN_SELF = YES;
				CLANG_WARN_OBJC_LITERAL_CONVERSION = YES;
				CLANG_WARN_OBJC_ROOT_CLASS = YES_ERROR;
				CLANG_WARN_QUOTED_INCLUDE_IN_FRAMEWORK_HEADER = YES;
				CLANG_WARN_RANGE_LOOP_ANALYSIS = YES;
				CLANG_WARN_STRICT_PROTOTYPES = YES;
				CLANG_WARN_SUSPICIOUS_MOVE = YES;
				CLANG_WARN_UNGUARDED_AVAILABILITY = YES_AGGRESSIVE;
				CLANG_WARN_UNREACHABLE_CODE = YES;
				CLANG_WARN__DUPLICATE_METHOD_MATCH = YES;
				COPY_PHASE_STRIP = NO;
				DEBUG_INFORMATION_FORMAT = "dwarf-with-dsym";
				ENABLE_NS_ASSERTIONS = NO;
				ENABLE_STRICT_OBJC_MSGSEND = YES;
				ENABLE_USER_SCRIPT_SANDBOXING = YES;
				GCC_C_LANGUAGE_STANDARD = gnu17;
				GCC_NO_COMMON_BLOCKS = YES;
				GCC_WARN_64_TO_32_BIT_CONVERSION = YES;
				GCC_WARN_ABOUT_RETURN_TYPE = YES_ERROR;
				GCC_WARN_UNDECLARED_SELECTOR = YES;
				GCC_WARN_UNINITIALIZED_AUTOS = YES_AGGRESSIVE;
				GCC_WARN_UNUSED_FUNCTION = YES;
				GCC_WARN_UNUSED_VARIABLE = YES;
				IPHONEOS_DEPLOYMENT_TARGET = 17.0;
				MTL_FAST_MATH = YES;
				SDKROOT = iphoneos;
				SWIFT_COMPILATION_MODE = wholemodule;
				VALIDATE_PRODUCT = YES;
			};
			name = Release;
		};
		78FE64453A6C49F392525314 /* Debug */ = {
			isa = XCBuildConfiguration;
			buildSettings = {
				ASSETCATALOG_COMPILER_APPICON_NAME = AppIcon;
				ASSETCATALOG_COMPILER_SKIP_APP_STORE_DEPLOYMENT = YES;
				CODE_SIGN_STYLE = Automatic;
				CURRENT_PROJECT_VERSION = 1;
				DEVELOPMENT_ASSET_PATHS = "";
				ENABLE_PREVIEWS = YES;
				GENERATE_INFOPLIST_FILE = YES;
				INFOPLIST_KEY_NSMicrophoneUsageDescription = "Microphone access is not used by this app.";
				INFOPLIST_KEY_UIApplicationSceneManifest_Generation = YES;
				INFOPLIST_KEY_UIApplicationSupportsIndirectInputEvents = YES;
				INFOPLIST_KEY_UILaunchScreen_Generation = YES;
				INFOPLIST_KEY_UISupportedInterfaceOrientations_iPhone = "UIInterfaceOrientationPortrait UIInterfaceOrientationLandscapeLeft UIInterfaceOrientationLandscapeRight";
				IPHONEOS_DEPLOYMENT_TARGET = 17.0;
				LE_SWIFT_VERSION = 5.0;
				MARKETING_VERSION = 1.0;
				PRODUCT_BUNDLE_IDENTIFIER = com.deepbreath.app;
				PRODUCT_NAME = "$(TARGET_NAME)";
				SUPPORTED_PLATFORMS = "iphoneos iphonesimulator";
				SUPPORTS_MACCATALYST = NO;
				SWIFT_EMIT_LOC_STRINGS = YES;
				SWIFT_VERSION = 5.0;
				TARGETED_DEVICE_FAMILY = "1,2";
			};
			name = Debug;
		};
		63540C8C31144468A8D53BAA /* Release */ = {
			isa = XCBuildConfiguration;
			buildSettings = {
				ASSETCATALOG_COMPILER_APPICON_NAME = AppIcon;
				ASSETCATALOG_COMPILER_SKIP_APP_STORE_DEPLOYMENT = YES;
				CODE_SIGN_STYLE = Automatic;
				CURRENT_PROJECT_VERSION = 1;
				DEVELOPMENT_ASSET_PATHS = "";
				ENABLE_PREVIEWS = YES;
				GENERATE_INFOPLIST_FILE = YES;
				INFOPLIST_KEY_NSMicrophoneUsageDescription = "Microphone access is not used by this app.";
				INFOPLIST_KEY_UIApplicationSceneManifest_Generation = YES;
				INFOPLIST_KEY_UIApplicationSupportsIndirectInputEvents = YES;
				INFOPLIST_KEY_UILaunchScreen_Generation = YES;
				INFOPLIST_KEY_UISupportedInterfaceOrientations_iPhone = "UIInterfaceOrientationPortrait UIInterfaceOrientationLandscapeLeft UIInterfaceOrientationLandscapeRight";
				IPHONEOS_DEPLOYMENT_TARGET = 17.0;
				LE_SWIFT_VERSION = 5.0;
				MARKETING_VERSION = 1.0;
				PRODUCT_BUNDLE_IDENTIFIER = com.deepbreath.app;
				PRODUCT_NAME = "$(TARGET_NAME)";
				SUPPORTED_PLATFORMS = "iphoneos iphonesimulator";
				SUPPORTS_MACCATALYST = NO;
				SWIFT_EMIT_LOC_STRINGS = YES;
				SWIFT_VERSION = 5.0;
				TARGETED_DEVICE_FAMILY = "1,2";
			};
			name = Release;
		};
/* End XCBuildConfiguration section */

/* Begin XCConfigurationList section */
		833FA65824F7435AB4D7A1C0 /* Build configuration list for PBXNativeTarget "DeepBreath" */ = {
			isa = XCConfigurationList;
			buildConfigurations = (
				78FE64453A6C49F392525314 /* Debug */,
				63540C8C31144468A8D53BAA /* Release */,
			);
			defaultConfigurationIsVisible = 0;
			defaultConfigurationName = Release;
		};
		B8A9338B47FE497E8CA173F1 /* Build configuration list for PBXProject "DeepBreath" */ = {
			isa = XCConfigurationList;
			buildConfigurations = (
				CF91944FDE844647BA7CDFB5 /* Debug */,
				471DC358B0EE495EADF364FD /* Release */,
			);
			defaultConfigurationIsVisible = 0;
			defaultConfigurationName = Release;
		};
/* End XCConfigurationList section */
	};
	rootObject = 262BF0A81C054D4BA017FAFD /* Project object */;
}
