// !$*UTF8*$!
{
	archiveVersion = 1;
	classes = {
	};
	objectVersion = 56;
	objects = {

/* Begin PBXBuildFile section */
		C4DE6385D0F6436E9165231D /* ContentView.swift in Sources */ = {isa = PBXBuildFile; fileRef = 8E0529A5BCD046B8BF659BC2 /* ContentView.swift */; };
		EF382D5DA4B54D51A6BEA6B6 /* DeepBreathApp.swift in Sources */ = {isa = PBXBuildFile; fileRef = 0BC648F139DE42EE8F37C640 /* DeepBreathApp.swift */; };
		9CAB377CB2424DD7840BC77B /* TrainingSession.swift in Sources */ = {isa = PBXBuildFile; fileRef = 0C40488DC8D34072BC7F5DA8 /* TrainingSession.swift */; };
		EE9AF99812C64914B67DBA14 /* AudioService.swift in Sources */ = {isa = PBXBuildFile; fileRef = 37E0A7D4ABB34FF4810E602A /* AudioService.swift */; };
		90FA057230C647B697A819BA /* HapticService.swift in Sources */ = {isa = PBXBuildFile; fileRef = 7AFE1A8C4A53453D9911EB70 /* HapticService.swift */; };
		4E9866A2399C4C1186A577E2 /* NotificationService.swift in Sources */ = {isa = PBXBuildFile; fileRef = 81C21DE4E7E248CE8A750898 /* NotificationService.swift */; };
		9CA7A32111874EB782A71BA3 /* TableCalculator.swift in Sources */ = {isa = PBXBuildFile; fileRef = F02882C007D245009D2CD756 /* TableCalculator.swift */; };
		161FED442135465F924D2B8D /* BoxBreathingViewModel.swift in Sources */ = {isa = PBXBuildFile; fileRef = F51136375A7C4C7A8AD8EB3C /* BoxBreathingViewModel.swift */; };
		F371F7DDBA9745B688AB6BC1 /* FreestyleViewModel.swift in Sources */ = {isa = PBXBuildFile; fileRef = 8444EC5D238642AB8508AEEC /* FreestyleViewModel.swift */; };
		22C52C99EB7C4B84AE431335 /* SessionViewModel.swift in Sources */ = {isa = PBXBuildFile; fileRef = 82BD79AA2AA440939B42297A /* SessionViewModel.swift */; };
		98F083821BDB4E1E91464330 /* HistoryView.swift in Sources */ = {isa = PBXBuildFile; fileRef = CEFF79EA3ECF4C95A59C6C30 /* HistoryView.swift */; };
		4113BE71C45748F1B0AFCB5D /* ProgressChartsView.swift in Sources */ = {isa = PBXBuildFile; fileRef = 11519FF5761F49F1BBC1B848 /* ProgressChartsView.swift */; };
		F8AABB06CFBA4CC0A4FDC78B /* HomeView.swift in Sources */ = {isa = PBXBuildFile; fileRef = 06A1CA4ADDD04F21A7B4DACB /* HomeView.swift */; };
		533CDF6443C54668A26DABFE /* OnboardingView.swift in Sources */ = {isa = PBXBuildFile; fileRef = 7F4C17372AE042C0A195E8C3 /* OnboardingView.swift */; };
		80F70A64071C42309B6F078C /* SettingsView.swift in Sources */ = {isa = PBXBuildFile; fileRef = 7FE7FB6450364B2594D5AE15 /* SettingsView.swift */; };
		B0E46DBFBEB14AC6B3B80A55 /* ActiveSessionView.swift in Sources */ = {isa = PBXBuildFile; fileRef = 3EEFA6DC12A443C6BB997C84 /* ActiveSessionView.swift */; };
		0B04CD2A451C4477A22960D8 /* BoxBreathingView.swift in Sources */ = {isa = PBXBuildFile; fileRef = B6F8C2F1CD8241838248DB3C /* BoxBreathingView.swift */; };
		A2DFC86D164B488E81675526 /* FreestyleView.swift in Sources */ = {isa = PBXBuildFile; fileRef = FA85FB94DDA6424FBCA667A9 /* FreestyleView.swift */; };
		ECA9E657FA4A4DB78351B97B /* TableSetupView.swift in Sources */ = {isa = PBXBuildFile; fileRef = E459378DFA3F4CBD925E159E /* TableSetupView.swift */; };
		8145CF161FA44376B5B7D698 /* TrainView.swift in Sources */ = {isa = PBXBuildFile; fileRef = 32E600EFB29D4A6DB3548E9B /* TrainView.swift */; };
		43AD3EF960E54B2A8A8CFB40 /* Assets.xcassets in Resources */ = {isa = PBXBuildFile; fileRef = F91A3DBACAD5488CA8B2F3D5 /* Assets.xcassets */; };
		B3C9F25EFE7D44BDBE298FDC /* Assets.xcassets in Resources */ = {isa = PBXBuildFile; fileRef = F91A3DBACAD5488CA8B2F3D5 /* Assets.xcassets */; };
/* End PBXBuildFile section */

/* Begin PBXFileReference section */
		8E0529A5BCD046B8BF659BC2 /* ContentView.swift */ = {isa = PBXFileReference; lastKnownFileType = sourcecode.swift; name = ContentView.swift; path = ContentView.swift; sourceTree = "<group>"; };
		0BC648F139DE42EE8F37C640 /* DeepBreathApp.swift */ = {isa = PBXFileReference; lastKnownFileType = sourcecode.swift; name = DeepBreathApp.swift; path = DeepBreathApp.swift; sourceTree = "<group>"; };
		0C40488DC8D34072BC7F5DA8 /* TrainingSession.swift */ = {isa = PBXFileReference; lastKnownFileType = sourcecode.swift; name = TrainingSession.swift; path = TrainingSession.swift; sourceTree = "<group>"; };
		37E0A7D4ABB34FF4810E602A /* AudioService.swift */ = {isa = PBXFileReference; lastKnownFileType = sourcecode.swift; name = AudioService.swift; path = AudioService.swift; sourceTree = "<group>"; };
		7AFE1A8C4A53453D9911EB70 /* HapticService.swift */ = {isa = PBXFileReference; lastKnownFileType = sourcecode.swift; name = HapticService.swift; path = HapticService.swift; sourceTree = "<group>"; };
		81C21DE4E7E248CE8A750898 /* NotificationService.swift */ = {isa = PBXFileReference; lastKnownFileType = sourcecode.swift; name = NotificationService.swift; path = NotificationService.swift; sourceTree = "<group>"; };
		F02882C007D245009D2CD756 /* TableCalculator.swift */ = {isa = PBXFileReference; lastKnownFileType = sourcecode.swift; name = TableCalculator.swift; path = TableCalculator.swift; sourceTree = "<group>"; };
		F51136375A7C4C7A8AD8EB3C /* BoxBreathingViewModel.swift */ = {isa = PBXFileReference; lastKnownFileType = sourcecode.swift; name = BoxBreathingViewModel.swift; path = BoxBreathingViewModel.swift; sourceTree = "<group>"; };
		8444EC5D238642AB8508AEEC /* FreestyleViewModel.swift */ = {isa = PBXFileReference; lastKnownFileType = sourcecode.swift; name = FreestyleViewModel.swift; path = FreestyleViewModel.swift; sourceTree = "<group>"; };
		82BD79AA2AA440939B42297A /* SessionViewModel.swift */ = {isa = PBXFileReference; lastKnownFileType = sourcecode.swift; name = SessionViewModel.swift; path = SessionViewModel.swift; sourceTree = "<group>"; };
		CEFF79EA3ECF4C95A59C6C30 /* HistoryView.swift */ = {isa = PBXFileReference; lastKnownFileType = sourcecode.swift; name = HistoryView.swift; path = HistoryView.swift; sourceTree = "<group>"; };
		11519FF5761F49F1BBC1B848 /* ProgressChartsView.swift */ = {isa = PBXFileReference; lastKnownFileType = sourcecode.swift; name = ProgressChartsView.swift; path = ProgressChartsView.swift; sourceTree = "<group>"; };
		06A1CA4ADDD04F21A7B4DACB /* HomeView.swift */ = {isa = PBXFileReference; lastKnownFileType = sourcecode.swift; name = HomeView.swift; path = HomeView.swift; sourceTree = "<group>"; };
		7F4C17372AE042C0A195E8C3 /* OnboardingView.swift */ = {isa = PBXFileReference; lastKnownFileType = sourcecode.swift; name = OnboardingView.swift; path = OnboardingView.swift; sourceTree = "<group>"; };
		7FE7FB6450364B2594D5AE15 /* SettingsView.swift */ = {isa = PBXFileReference; lastKnownFileType = sourcecode.swift; name = SettingsView.swift; path = SettingsView.swift; sourceTree = "<group>"; };
		3EEFA6DC12A443C6BB997C84 /* ActiveSessionView.swift */ = {isa = PBXFileReference; lastKnownFileType = sourcecode.swift; name = ActiveSessionView.swift; path = ActiveSessionView.swift; sourceTree = "<group>"; };
		B6F8C2F1CD8241838248DB3C /* BoxBreathingView.swift */ = {isa = PBXFileReference; lastKnownFileType = sourcecode.swift; name = BoxBreathingView.swift; path = BoxBreathingView.swift; sourceTree = "<group>"; };
		FA85FB94DDA6424FBCA667A9 /* FreestyleView.swift */ = {isa = PBXFileReference; lastKnownFileType = sourcecode.swift; name = FreestyleView.swift; path = FreestyleView.swift; sourceTree = "<group>"; };
		E459378DFA3F4CBD925E159E /* TableSetupView.swift */ = {isa = PBXFileReference; lastKnownFileType = sourcecode.swift; name = TableSetupView.swift; path = TableSetupView.swift; sourceTree = "<group>"; };
		32E600EFB29D4A6DB3548E9B /* TrainView.swift */ = {isa = PBXFileReference; lastKnownFileType = sourcecode.swift; name = TrainView.swift; path = TrainView.swift; sourceTree = "<group>"; };
		F91A3DBACAD5488CA8B2F3D5 /* Assets.xcassets */ = {isa = PBXFileReference; lastKnownFileType = folder.assetcatalog; path = Assets.xcassets; sourceTree = "<group>"; };
		66016335235D46C38BD2C78A /* DeepBreath.app */ = {isa = PBXFileReference; explicitFileType = wrapper.application; includeInIndex = 0; path = DeepBreath.app; sourceTree = BUILT_PRODUCTS_DIR; };
/* End PBXFileReference section */

/* Begin PBXFrameworksBuildPhase section */
		F8D1B7A0C7EA4AAE88AC6752 /* Frameworks */ = {
			isa = PBXFrameworksBuildPhase;
			buildActionMask = 2147483647;
			files = (
			);
			runOnlyForDeploymentPostprocessing = 0;
		};
/* End PBXFrameworksBuildPhase section */

/* Begin PBXGroup section */
		057498D8ADF9421698632364 /* DeepBreath */ = {
			isa = PBXGroup;
			children = (
				0383C64861A543C4ABFB88CA /* Models */,
				D3199AC2E60C46E1B810F185 /* Services */,
				FA7D845597F044AA8B7B96A9 /* Utilities */,
				F45F679E36514015979F1628 /* ViewModels */,
				471EF22FA5F84F10AAEC401F /* Views */,
				8E0529A5BCD046B8BF659BC2 /* ContentView.swift */,
				0BC648F139DE42EE8F37C640 /* DeepBreathApp.swift */,
				F91A3DBACAD5488CA8B2F3D5 /* Assets.xcassets */,
				5609534F7E294A1BB2EF60C9 /* Products */,
			);
			path = DeepBreath;
			sourceTree = "<group>";
		};

		0383C64861A543C4ABFB88CA /* Models */ = {
			isa = PBXGroup;
			children = (
				0C40488DC8D34072BC7F5DA8 /* TrainingSession.swift */,
			);
			path = Models;
			sourceTree = "<group>";
		};

		D3199AC2E60C46E1B810F185 /* Services */ = {
			isa = PBXGroup;
			children = (
				37E0A7D4ABB34FF4810E602A /* AudioService.swift */,
				7AFE1A8C4A53453D9911EB70 /* HapticService.swift */,
				81C21DE4E7E248CE8A750898 /* NotificationService.swift */,
			);
			path = Services;
			sourceTree = "<group>";
		};

		FA7D845597F044AA8B7B96A9 /* Utilities */ = {
			isa = PBXGroup;
			children = (
				F02882C007D245009D2CD756 /* TableCalculator.swift */,
			);
			path = Utilities;
			sourceTree = "<group>";
		};

		F45F679E36514015979F1628 /* ViewModels */ = {
			isa = PBXGroup;
			children = (
				F51136375A7C4C7A8AD8EB3C /* BoxBreathingViewModel.swift */,
				8444EC5D238642AB8508AEEC /* FreestyleViewModel.swift */,
				82BD79AA2AA440939B42297A /* SessionViewModel.swift */,
			);
			path = ViewModels;
			sourceTree = "<group>";
		};

		471EF22FA5F84F10AAEC401F /* Views */ = {
			isa = PBXGroup;
			children = (
				481C2EA1616A437C94E45044 /* History */,
				5722EB5FDA114D9AA2618D57 /* Home */,
				5D001ECE206C42BCBD8338CB /* Onboarding */,
				BDB2B79561A14D3E9E95908B /* Settings */,
				7FB6A5A0FAEE473EAF6D7003 /* Train */,
			);
			path = Views;
			sourceTree = "<group>";
		};

		481C2EA1616A437C94E45044 /* History */ = {
			isa = PBXGroup;
			children = (
				CEFF79EA3ECF4C95A59C6C30 /* HistoryView.swift */,
				11519FF5761F49F1BBC1B848 /* ProgressChartsView.swift */,
			);
			path = History;
			sourceTree = "<group>";
		};

		5722EB5FDA114D9AA2618D57 /* Home */ = {
			isa = PBXGroup;
			children = (
				06A1CA4ADDD04F21A7B4DACB /* HomeView.swift */,
			);
			path = Home;
			sourceTree = "<group>";
		};

		5D001ECE206C42BCBD8338CB /* Onboarding */ = {
			isa = PBXGroup;
			children = (
				7F4C17372AE042C0A195E8C3 /* OnboardingView.swift */,
			);
			path = Onboarding;
			sourceTree = "<group>";
		};

		BDB2B79561A14D3E9E95908B /* Settings */ = {
			isa = PBXGroup;
			children = (
				7FE7FB6450364B2594D5AE15 /* SettingsView.swift */,
			);
			path = Settings;
			sourceTree = "<group>";
		};

		7FB6A5A0FAEE473EAF6D7003 /* Train */ = {
			isa = PBXGroup;
			children = (
				3EEFA6DC12A443C6BB997C84 /* ActiveSessionView.swift */,
				B6F8C2F1CD8241838248DB3C /* BoxBreathingView.swift */,
				FA85FB94DDA6424FBCA667A9 /* FreestyleView.swift */,
				E459378DFA3F4CBD925E159E /* TableSetupView.swift */,
				32E600EFB29D4A6DB3548E9B /* TrainView.swift */,
			);
			path = Train;
			sourceTree = "<group>";
		};

		5609534F7E294A1BB2EF60C9 /* Products */ = {
			isa = PBXGroup;
			children = (
				66016335235D46C38BD2C78A /* DeepBreath.app */,
			);
			name = Products;
			sourceTree = "<group>";
		};
/* End PBXGroup section */

/* Begin PBXNativeTarget section */
		AE9CF4E4E18240D8AB79F870 /* DeepBreath */ = {
			isa = PBXNativeTarget;
			buildConfigurationList = 833FA65824F7435AB4D7A1C0 /* Build configuration list for PBXNativeTarget "DeepBreath" */;
			buildPhases = (
				A161BCFD7F394D58A3DB1134 /* Sources */,
				F8D1B7A0C7EA4AAE88AC6752 /* Frameworks */,
				D9DC744A2868485A92C8B6E4 /* Resources */,
			);
			buildRules = (
			);
			dependencies = (
			);
			name = DeepBreath;
			productName = DeepBreath;
			productReference = 66016335235D46C38BD2C78A /* DeepBreath.app */;
			productType = "com.apple.product-type.application";
		};
/* End PBXNativeTarget section */

/* Begin PBXProject section */
		262BF0A81C054D4BA017FAFD /* Project object */ = {
			isa = PBXProject;
			attributes = {
				BuildIndependentTargetsInParallel = 1;
				LastSwiftUpdateCheck = 1530;
				LastUpgradeCheck = 1530;
				TargetAttributes = {
					AE9CF4E4E18240D8AB79F870 = {
						CreatedOnToolsVersion = 15.3;
					};
				};
			};
			buildConfigurationList = B8A9338B47FE497E8CA173F1 /* Build configuration list for PBXProject "DeepBreath" */;
			compatibilityVersion = "Xcode 14.0";
			developmentRegion = en;
			hasScannedForEncodings = 0;
			knownRegions = (
				en,
				Base,
			);
			mainGroup = 057498D8ADF9421698632364;
			productRefGroup = 5609534F7E294A1BB2EF60C9 /* Products */;
			projectDirPath = "";
			projectRoot = "";
			targets = (
				AE9CF4E4E18240D8AB79F870 /* DeepBreath */,
			);
		};
/* End PBXProject section */

/* Begin PBXResourcesBuildPhase section */
		D9DC744A2868485A92C8B6E4 /* Resources */ = {
			isa = PBXResourcesBuildPhase;
			buildActionMask = 2147483647;
			files = (
				B3C9F25EFE7D44BDBE298FDC /* Assets.xcassets in Resources */,
			);
			runOnlyForDeploymentPostprocessing = 0;
		};
/* End PBXResourcesBuildPhase section */

/* Begin PBXSourcesBuildPhase section */
		A161BCFD7F394D58A3DB1134 /* Sources */ = {
			isa = PBXSourcesBuildPhase;
			buildActionMask = 2147483647;
			files = (
				C4DE6385D0F6436E9165231D /* ContentView.swift in Sources */,
				EF382D5DA4B54D51A6BEA6B6 /* DeepBreathApp.swift in Sources */,
				9CAB377CB2424DD7840BC77B /* TrainingSession.swift in Sources */,
				EE9AF99812C64914B67DBA14 /* AudioService.swift in Sources */,
				90FA057230C647B697A819BA /* HapticService.swift in Sources */,
				4E9866A2399C4C1186A577E2 /* NotificationService.swift in Sources */,
				9CA7A32111874EB782A71BA3 /* TableCalculator.swift in Sources */,
				161FED442135465F924D2B8D /* BoxBreathingViewModel.swift in Sources */,
				F371F7DDBA9745B688AB6BC1 /* FreestyleViewModel.swift in Sources */,
				22C52C99EB7C4B84AE431335 /* SessionViewModel.swift in Sources */,
				98F083821BDB4E1E91464330 /* HistoryView.swift in Sources */,
				4113BE71C45748F1B0AFCB5D /* ProgressChartsView.swift in Sources */,
				F8AABB06CFBA4CC0A4FDC78B /* HomeView.swift in Sources */,
				533CDF6443C54668A26DABFE /* OnboardingView.swift in Sources */,
				80F70A64071C42309B6F078C /* SettingsView.swift in Sources */,
				B0E46DBFBEB14AC6B3B80A55 /* ActiveSessionView.swift in Sources */,
				0B04CD2A451C4477A22960D8 /* BoxBreathingView.swift in Sources */,
				A2DFC86D164B488E81675526 /* FreestyleView.swift in Sources */,
				ECA9E657FA4A4DB78351B97B /* TableSetupView.swift in Sources */,
				8145CF161FA44376B5B7D698 /* TrainView.swift in Sources */,
			);
			runOnlyForDeploymentPostprocessing = 0;
		};
/* End PBXSourcesBuildPhase section */

/* Begin XCBuildConfiguration section */
		CF91944FDE844647BA7CDFB5 /* Debug */ = {
			isa = XCBuildConfiguration;
			buildSettings = {
				ALWAYS_SEARCH_USER_PATHS = NO;
				ASSET_CATALOG_COMPILER_OPTIMIZATION = space;
				CLANG_ANALYZER_NONNULL = YES;
				CLANG_ANALYZER_NUMBER_OBJECT_CONVERSION = YES_AGGRESSIVE;
				CLANG_CXX_LANGUAGE_STANDARD = "gnu++20";
				CLANG_ENABLE_MODULES = YES;
				CLANG_ENABLE_OBJC_ARC = YES;
				CLANG_ENABLE_OBJC_WEAK = YES;
				CLANG_WARN_BLOCK_CAPTURE_AUTORELEASING = YES;
				CLANG_WARN_BOOL_CONVERSION = YES;
				CLANG_WARN_COMMA = YES;
				CLANG_WARN_CONSTANT_CONVERSION = YES;
				CLANG_WARN_DEPRECATED_OBJC_IMPLEMENTATIONS = YES;
				CLANG_WARN_DIRECT_OBJC_ISA_USAGE = YES_ERROR;
				CLANG_WARN_DOCUMENTATION_COMMENTS = YES;
				CLANG_WARN_EMPTY_BODY = YES;
				CLANG_WARN_ENUM_CONVERSION = YES;
				CLANG_WARN_INFINITE_RECURSION = YES;
				CLANG_WARN_INT_CONVERSION = YES;
				CLANG_WARN_NON_LITERAL_NULL_CONVERSION = YES;
				CLANG_WARN_OBJC_IMPLICIT_RETAIN_SELF = YES;
				CLANG_WARN_OBJC_LITERAL_CONVERSION = YES;
				CLANG_WARN_OBJC_ROOT_CLASS = YES_ERROR;
				CLANG_WARN_QUOTED_INCLUDE_IN_FRAMEWORK_HEADER = YES;
				CLANG_WARN_RANGE_LOOP_ANALYSIS = YES;
				CLANG_WARN_STRICT_PROTOTYPES = YES;
				CLANG_WARN_SUSPICIOUS_MOVE = YES;
				CLANG_WARN_UNGUARDED_AVAILABILITY = YES_AGGRESSIVE;
				CLANG_WARN_UNREACHABLE_CODE = YES;
				CLANG_WARN__DUPLICATE_METHOD_MATCH = YES;
				COPY_PHASE_STRIP = NO;
				DEBUG_INFORMATION_FORMAT = dwarf;
				ENABLE_STRICT_OBJC_MSGSEND = YES;
				ENABLE_TESTABILITY = YES;
				ENABLE_USER_SCRIPT_SANDBOXING = YES;
				GCC_C_LANGUAGE_STANDARD = gnu17;
				GCC_DYNAMIC_NO_PIC = NO;
				GCC_NO_COMMON_BLOCKS = YES;
				GCC_OPTIMIZATION_LEVEL = 0;
				GCC_PREPROCESSOR_DEFINITIONS = (
					"DEBUG=1",
					"$(inherited)",
				);
				GCC_WARN_64_TO_32_BIT_CONVERSION = YES;
				GCC_WARN_ABOUT_RETURN_TYPE = YES_ERROR;
				GCC_WARN_UNDECLARED_SELECTOR = YES;
				GCC_WARN_UNINITIALIZED_AUTOS = YES_AGGRESSIVE;
				GCC_WARN_UNUSED_FUNCTION = YES;
				GCC_WARN_UNUSED_VARIABLE = YES;
				IPHONEOS_DEPLOYMENT_TARGET = 17.0;
				MTL_ENABLE_DEBUG_INFO = INCLUDE_SOURCE;
				MTL_FAST_MATH = YES;
				ONLY_ACTIVE_ARCH = YES;
				SDKROOT = iphoneos;
				SWIFT_ACTIVE_COMPILATION_CONDITIONS = "DEBUG $(inherited)";
				SWIFT_OPTIMIZATION_LEVEL = "-Onone";
			};
			name = Debug;
		};
		471DC358B0EE495EADF364FD /* Release */ = {
			isa = XCBuildConfiguration;
			buildSettings = {
				ALWAYS_SEARCH_USER_PATHS = NO;
				ASSET_CATALOG_COMPILER_OPTIMIZATION = space;
				CLANG_ANALYZER_NONNULL = YES;
				CLANG_ANALYZER_NUMBER_OBJECT_CONVERSION = YES_AGGRESSIVE;
				CLANG_CXX_LANGUAGE_STANDARD = "gnu++20";
				CLANG_ENABLE_MODULES = YES;
				CLANG_ENABLE_OBJC_ARC = YES;
				CLANG_ENABLE_OBJC_WEAK = YES;
				CLANG_WARN_BLOCK_CAPTURE_AUTORELEASING = YES;
				CLANG_WARN_BOOL_CONVERSION = YES;
				CLANG_WARN_COMMA = YES;
				CLANG_WARN_CONSTANT_CONVERSION = YES;
				CLANG_WARN_DEPRECATED_OBJC_IMPLEMENTATIONS = YES;
				CLANG_WARN_DIRECT_OBJC_ISA_USAGE = YES_ERROR;
				CLANG_WARN_DOCUMENTATION_COMMENTS = YES;
				CLANG_WARN_EMPTY_BODY = YES;
				CLANG_WARN_ENUM_CONVERSION = YES;
				CLANG_WARN_INFINITE_RECURSION = YES;
				CLANG_WARN_INT_CONVERSION = YES;
				CLANG_WARN_NON_LITERAL_NULL_CONVERSION = YES;
				CLANG_WARN_OBJC_IMPLICIT_RETAIN_SELF = YES;
				CLANG_WARN_OBJC_LITERAL_CONVERSION = YES;
				CLANG_WARN_OBJC_ROOT_CLASS = YES_ERROR;
				CLANG_WARN_QUOTED_INCLUDE_IN_FRAMEWORK_HEADER = YES;
				CLANG_WARN_RANGE_LOOP_ANALYSIS = YES;
				CLANG_WARN_STRICT_PROTOTYPES = YES;
				CLANG_WARN_SUSPICIOUS_MOVE = YES;
				CLANG_WARN_UNGUARDED_AVAILABILITY = YES_AGGRESSIVE;
				CLANG_WARN_UNREACHABLE_CODE = YES;
				CLANG_WARN__DUPLICATE_METHOD_MATCH = YES;
				COPY_PHASE_STRIP = NO;
				DEBUG_INFORMATION_FORMAT = "dwarf-with-dsym";
				ENABLE_NS_ASSERTIONS = NO;
				ENABLE_STRICT_OBJC_MSGSEND = YES;
				ENABLE_USER_SCRIPT_SANDBOXING = YES;
				GCC_C_LANGUAGE_STANDARD = gnu17;
				GCC_NO_COMMON_BLOCKS = YES;
				GCC_WARN_64_TO_32_BIT_CONVERSION = YES;
				GCC_WARN_ABOUT_RETURN_TYPE = YES_ERROR;
				GCC_WARN_UNDECLARED_SELECTOR = YES;
				GCC_WARN_UNINITIALIZED_AUTOS = YES_AGGRESSIVE;
				GCC_WARN_UNUSED_FUNCTION = YES;
				GCC_WARN_UNUSED_VARIABLE = YES;
				IPHONEOS_DEPLOYMENT_TARGET = 17.0;
				MTL_FAST_MATH = YES;
				SDKROOT = iphoneos;
				SWIFT_COMPILATION_MODE = wholemodule;
				VALIDATE_PRODUCT = YES;
			};
			name = Release;
		};
		78FE64453A6C49F392525314 /* Debug */ = {
			isa = XCBuildConfiguration;
			buildSettings = {
				ASSETCATALOG_COMPILER_APPICON_NAME = AppIcon;
				ASSETCATALOG_COMPILER_SKIP_APP_STORE_DEPLOYMENT = YES;
				CODE_SIGN_STYLE = Automatic;
				CURRENT_PROJECT_VERSION = 1;
				DEVELOPMENT_ASSET_PATHS = "";
				ENABLE_PREVIEWS = YES;
				GENERATE_INFOPLIST_FILE = YES;
				INFOPLIST_KEY_NSMicrophoneUsageDescription = "Microphone access is not used by this app.";
				INFOPLIST_KEY_UIApplicationSceneManifest_Generation = YES;
				INFOPLIST_KEY_UIApplicationSupportsIndirectInputEvents = YES;
				INFOPLIST_KEY_UILaunchScreen_Generation = YES;
				INFOPLIST_KEY_UISupportedInterfaceOrientations_iPhone = "UIInterfaceOrientationPortrait UIInterfaceOrientationLandscapeLeft UIInterfaceOrientationLandscapeRight";
				IPHONEOS_DEPLOYMENT_TARGET = 17.0;
				LE_SWIFT_VERSION = 5.0;
				MARKETING_VERSION = 1.0;
				PRODUCT_BUNDLE_IDENTIFIER = com.deepbreath.app;
				PRODUCT_NAME = "$(TARGET_NAME)";
				SUPPORTED_PLATFORMS = "iphoneos iphonesimulator";
				SUPPORTS_MACCATALYST = NO;
				SWIFT_EMIT_LOC_STRINGS = YES;
				SWIFT_VERSION = 5.0;
				TARGETED_DEVICE_FAMILY = "1,2";
			};
			name = Debug;
		};
		63540C8C31144468A8D53BAA /* Release */ = {
			isa = XCBuildConfiguration;
			buildSettings = {
				ASSETCATALOG_COMPILER_APPICON_NAME = AppIcon;
				ASSETCATALOG_COMPILER_SKIP_APP_STORE_DEPLOYMENT = YES;
				CODE_SIGN_STYLE = Automatic;
				CURRENT_PROJECT_VERSION = 1;
				DEVELOPMENT_ASSET_PATHS = "";
				ENABLE_PREVIEWS = YES;
				GENERATE_INFOPLIST_FILE = YES;
				INFOPLIST_KEY_NSMicrophoneUsageDescription = "Microphone access is not used by this app.";
				INFOPLIST_KEY_UIApplicationSceneManifest_Generation = YES;
				INFOPLIST_KEY_UIApplicationSupportsIndirectInputEvents = YES;
				INFOPLIST_KEY_UILaunchScreen_Generation = YES;
				INFOPLIST_KEY_UISupportedInterfaceOrientations_iPhone = "UIInterfaceOrientationPortrait UIInterfaceOrientationLandscapeLeft UIInterfaceOrientationLandscapeRight";
				IPHONEOS_DEPLOYMENT_TARGET = 17.0;
				LE_SWIFT_VERSION = 5.0;
				MARKETING_VERSION = 1.0;
				PRODUCT_BUNDLE_IDENTIFIER = com.deepbreath.app;
				PRODUCT_NAME = "$(TARGET_NAME)";
				SUPPORTED_PLATFORMS = "iphoneos iphonesimulator";
				SUPPORTS_MACCATALYST = NO;
				SWIFT_EMIT_LOC_STRINGS = YES;
				SWIFT_VERSION = 5.0;
				TARGETED_DEVICE_FAMILY = "1,2";
			};
			name = Release;
		};
/* End XCBuildConfiguration section */

/* Begin XCConfigurationList section */
		833FA65824F7435AB4D7A1C0 /* Build configuration list for PBXNativeTarget "DeepBreath" */ = {
			isa = XCConfigurationList;
			buildConfigurations = (
				78FE64453A6C49F392525314 /* Debug */,
				63540C8C31144468A8D53BAA /* Release */,
			);
			defaultConfigurationIsVisible = 0;
			defaultConfigurationName = Release;
		};
		B8A9338B47FE497E8CA173F1 /* Build configuration list for PBXProject "DeepBreath" */ = {
			isa = XCConfigurationList;
			buildConfigurations = (
				CF91944FDE844647BA7CDFB5 /* Debug */,
				471DC358B0EE495EADF364FD /* Release */,
			);
			defaultConfigurationIsVisible = 0;
			defaultConfigurationName = Release;
		};
/* End XCConfigurationList section */
	};
	rootObject = 262BF0A81C054D4BA017FAFD /* Project object */;
}
